
Microsoft Visual Studio Solution File, Format Version 12.00
# Visual Studio Version 17
VisualStudioVersion = 17.0.31903.59
MinimumVisualStudioVersion = 10.0.40219.1
Project("{2150E333-8FDC-42A3-9474-1A3956D46DE8}") = "src", "src", "{827E0CD3-B72D-47B6-A68D-7590B98EB39B}"
EndProject
Project("{FAE04EC0-301F-11D3-BF4B-00C04F79EFBC}") = "AuthService.Domain", "src\AuthService.Domain\AuthService.Domain.csproj", "{E9EEF4B1-F639-4805-B48B-1DB1A8BB35AA}"
EndProject
Project("{FAE04EC0-301F-11D3-BF4B-00C04F79EFBC}") = "AuthService.Infrastructure", "src\AuthService.Infrastructure\AuthService.Infrastructure.csproj", "{E623649F-EFB5-4ED9-8207-EA1C74F212D5}"
EndProject
Project("{FAE04EC0-301F-11D3-BF4B-00C04F79EFBC}") = "AuthService.Api", "src\AuthService.Api\AuthService.Api.csproj", "{2D2A5E5A-2139-461C-A235-5CA41831FD56}"
EndProject
Global
	GlobalSection(SolutionConfigurationPlatforms) = preSolution
		Debug|Any CPU = Debug|Any CPU
		Debug|x64 = Debug|x64
		Debug|x86 = Debug|x86
		Release|Any CPU = Release|Any CPU
		Release|x64 = Release|x64
		Release|x86 = Release|x86
	EndGlobalSection
	GlobalSection(ProjectConfigurationPlatforms) = postSolution
		{E9EEF4B1-F639-4805-B48B-1DB1A8BB35AA}.Debug|Any CPU.ActiveCfg = Debug|Any CPU
		{E9EEF4B1-F639-4805-B48B-1DB1A8BB35AA}.Debug|Any CPU.Build.0 = Debug|Any CPU
		{E9EEF4B1-F639-4805-B48B-1DB1A8BB35AA}.Debug|x64.ActiveCfg = Debug|Any CPU
		{E9EEF4B1-F639-4805-B48B-1DB1A8BB35AA}.Debug|x64.Build.0 = Debug|Any CPU
		{E9EEF4B1-F639-4805-B48B-1DB1A8BB35AA}.Debug|x86.ActiveCfg = Debug|Any CPU
		{E9EEF4B1-F639-4805-B48B-1DB1A8BB35AA}.Debug|x86.Build.0 = Debug|Any CPU
		{E9EEF4B1-F639-4805-B48B-1DB1A8BB35AA}.Release|Any CPU.ActiveCfg = Release|Any CPU
		{E9EEF4B1-F639-4805-B48B-1DB1A8BB35AA}.Release|Any CPU.Build.0 = Release|Any CPU
		{E9EEF4B1-F639-4805-B48B-1DB1A8BB35AA}.Release|x64.ActiveCfg = Release|Any CPU
		{E9EEF4B1-F639-4805-B48B-1DB1A8BB35AA}.Release|x64.Build.0 = Release|Any CPU
		{E9EEF4B1-F639-4805-B48B-1DB1A8BB35AA}.Release|x86.ActiveCfg = Release|Any CPU
		{E9EEF4B1-F639-4805-B48B-1DB1A8BB35AA}.Release|x86.Build.0 = Release|Any CPU
		{E623649F-EFB5-4ED9-8207-EA1C74F212D5}.Debug|Any CPU.ActiveCfg = Debug|Any CPU
		{E623649F-EFB5-4ED9-8207-EA1C74F212D5}.Debug|Any CPU.Build.0 = Debug|Any CPU
		{E623649F-EFB5-4ED9-8207-EA1C74F212D5}.Debug|x64.ActiveCfg = Debug|Any CPU
		{E623649F-EFB5-4ED9-8207-EA1C74F212D5}.Debug|x64.Build.0 = Debug|Any CPU
		{E623649F-EFB5-4ED9-8207-EA1C74F212D5}.Debug|x86.ActiveCfg = Debug|Any CPU
		{E623649F-EFB5-4ED9-8207-EA1C74F212D5}.Debug|x86.Build.0 = Debug|Any CPU
		{E623649F-EFB5-4ED9-8207-EA1C74F212D5}.Release|Any CPU.ActiveCfg = Release|Any CPU
		{E623649F-EFB5-4ED9-8207-EA1C74F212D5}.Release|Any CPU.Build.0 = Release|Any CPU
		{E623649F-EFB5-4ED9-8207-EA1C74F212D5}.Release|x64.ActiveCfg = Release|Any CPU
		{E623649F-EFB5-4ED9-8207-EA1C74F212D5}.Release|x64.Build.0 = Release|Any CPU
		{E623649F-EFB5-4ED9-8207-EA1C74F212D5}.Release|x86.ActiveCfg = Release|Any CPU
		{E623649F-EFB5-4ED9-8207-EA1C74F212D5}.Release|x86.Build.0 = Release|Any CPU
		{2D2A5E5A-2139-461C-A235-5CA41831FD56}.Debug|Any CPU.ActiveCfg = Debug|Any CPU
		{2D2A5E5A-2139-461C-A235-5CA41831FD56}.Debug|Any CPU.Build.0 = Debug|Any CPU
		{2D2A5E5A-2139-461C-A235-5CA41831FD56}.Debug|x64.ActiveCfg = Debug|Any CPU
		{2D2A5E5A-2139-461C-A235-5CA41831FD56}.Debug|x64.Build.0 = Debug|Any CPU
		{2D2A5E5A-2139-461C-A235-5CA41831FD56}.Debug|x86.ActiveCfg = Debug|Any CPU
		{2D2A5E5A-2139-461C-A235-5CA41831FD56}.Debug|x86.Build.0 = Debug|Any CPU
		{2D2A5E5A-2139-461C-A235-5CA41831FD56}.Release|Any CPU.ActiveCfg = Release|Any CPU
		{2D2A5E5A-2139-461C-A235-5CA41831FD56}.Release|Any CPU.Build.0 = Release|Any CPU
		{2D2A5E5A-2139-461C-A235-5CA41831FD56}.Release|x64.ActiveCfg = Release|Any CPU
		{2D2A5E5A-2139-461C-A235-5CA41831FD56}.Release|x64.Build.0 = Release|Any CPU
		{2D2A5E5A-2139-461C-A235-5CA41831FD56}.Release|x86.ActiveCfg = Release|Any CPU
		{2D2A5E5A-2139-461C-A235-5CA41831FD56}.Release|x86.Build.0 = Release|Any CPU
	EndGlobalSection
	GlobalSection(SolutionProperties) = preSolution
		HideSolutionNode = FALSE
	EndGlobalSection
	GlobalSection(NestedProjects) = preSolution
		{E9EEF4B1-F639-4805-B48B-1DB1A8BB35AA} = {827E0CD3-B72D-47B6-A68D-7590B98EB39B}
		{E623649F-EFB5-4ED9-8207-EA1C74F212D5} = {827E0CD3-B72D-47B6-A68D-7590B98EB39B}
		{2D2A5E5A-2139-461C-A235-5CA41831FD56} = {827E0CD3-B72D-47B6-A68D-7590B98EB39B}
	EndGlobalSection
EndGlobal
